
Microsoft Visual Studio Solution File, Format Version 12.00
# Visual Studio Version 17
VisualStudioVersion = 17.11.35222.181
MinimumVisualStudioVersion = 10.0.40219.1
Project("{FAE04EC0-301F-11D3-BF4B-00C04F79EFBC}") = "Ordezkaria", "Ordezkaria\Ordezkaria.csproj", "{AA5FEB65-E40E-48B1-BE6E-2A6976D68435}"
EndProject
Global
	GlobalSection(SolutionConfigurationPlatforms) = preSolution
		Debug|Any CPU = Debug|Any CPU
		Release|Any CPU = Release|Any CPU
	EndGlobalSection
	GlobalSection(ProjectConfigurationPlatforms) = postSolution
		{AA5FEB65-E40E-48B1-BE6E-2A6976D68435}.Debug|Any CPU.ActiveCfg = Debug|Any CPU
		{AA5FEB65-E40E-48B1-BE6E-2A6976D68435}.Debug|Any CPU.Build.0 = Debug|Any CPU
		{AA5FEB65-E40E-48B1-BE6E-2A6976D68435}.Debug|Any CPU.Deploy.0 = Debug|Any CPU
		{AA5FEB65-E40E-48B1-BE6E-2A6976D68435}.Release|Any CPU.ActiveCfg = Release|Any CPU
		{AA5FEB65-E40E-48B1-BE6E-2A6976D68435}.Release|Any CPU.Build.0 = Release|Any CPU
		{AA5FEB65-E40E-48B1-BE6E-2A6976D68435}.Release|Any CPU.Deploy.0 = Release|Any CPU
	EndGlobalSection
	GlobalSection(SolutionProperties) = preSolution
		HideSolutionNode = FALSE
	EndGlobalSection
	GlobalSection(ExtensibilityGlobals) = postSolution
		SolutionGuid = {A16038AB-579A-417B-AFF3-ED55158B7D43}
	EndGlobalSection
EndGlobal
